{
  "originHash" : "e2dbd818d435404968d59e12381335f93944ab8a9c4de82836c8e5ab0415e1ac",
  "pins" : [
    {
      "identity" : "amplitude-ios",
      "kind" : "remoteSourceControl",
      "location" : "https://github.com/amplitude/Amplitude-iOS",
      "state" : {
        "branch" : "main",
        "revision" : "dca2c744336e651ee285011282b86accc2ce3704"
      }
    },
    {
      "identity" : "analytics-connector-ios",
      "kind" : "remoteSourceControl",
      "location" : "https://github.com/amplitude/analytics-connector-ios.git",
      "state" : {
        "revision" : "e2ca17ac735bcbc48b13062484541702ef45153d",
        "version" : "1.0.3"
      }
    },
    {
      "identity" : "bigint",
      "kind" : "remoteSourceControl",
      "location" : "https://github.com/attaswift/BigInt",
      "state" : {
        "revision" : "0ed110f7555c34ff468e72e1686e59721f2b0da6",
        "version" : "5.3.0"
      }
    },
    {
      "identity" : "boilertalk-web3.swift",
      "kind" : "remoteSourceControl",
      "location" : "https://github.com/unstoppabledomains/Boilertalk-Web3.swift.git",
      "state" : {
        "branch" : "0-5-3-Version",
        "revision" : "a8994a08bc598187ed06cd97b20df9745d263df3"
      }
    },
    {
      "identity" : "bugsnag-cocoa",
      "kind" : "remoteSourceControl",
      "location" : "https://github.com/bugsnag/bugsnag-cocoa",
      "state" : {
        "revision" : "16b9145fc66e5296f16e733f6feb5d0e450574e8",
        "version" : "6.28.1"
      }
    },
    {
      "identity" : "connect-swift",
      "kind" : "remoteSourceControl",
      "location" : "https://github.com/bufbuild/connect-swift",
      "state" : {
        "revision" : "6f5afc57f44a3ed15b9a01381ce73f84d15e43db",
        "version" : "0.3.0"
      }
    },
    {
      "identity" : "cryptoswift",
      "kind" : "remoteSourceControl",
      "location" : "https://github.com/krzyzanowskim/CryptoSwift.git",
      "state" : {
        "revision" : "db51c407d3be4a051484a141bf0bff36c43d3b1e",
        "version" : "1.8.0"
      }
    },
    {
      "identity" : "generic-json-swift",
      "kind" : "remoteSourceControl",
      "location" : "https://github.com/iwill/generic-json-swift",
      "state" : {
        "revision" : "0a06575f4038b504e78ac330913d920f1630f510",
        "version" : "2.0.2"
      }
    },
    {
      "identity" : "gzipswift",
      "kind" : "remoteSourceControl",
      "location" : "https://github.com/1024jp/GzipSwift",
      "state" : {
        "revision" : "7a7f17761c76a932662ab77028a4329f67d645a4",
        "version" : "5.2.0"
      }
    },
    {
      "identity" : "ios-client-sdk",
      "kind" : "remoteSourceControl",
      "location" : "https://github.com/launchdarkly/ios-client-sdk.git",
      "state" : {
        "revision" : "cf82f0687ee505b291f8e8f5fe978122892b74ab",
        "version" : "9.5.0"
      }
    },
    {
      "identity" : "ncw-ios-sdk",
      "kind" : "remoteSourceControl",
      "location" : "https://github.com/fireblocks/ncw-ios-sdk.git",
      "state" : {
        "revision" : "be7dc388374a6092048d2980fc5b1c1ee2afbad9",
        "version" : "2.3.6"
      }
    },
    {
      "identity" : "objectivepgp",
      "kind" : "remoteSourceControl",
      "location" : "https://github.com/krzyzanowskim/ObjectivePGP.git",
      "state" : {
        "revision" : "5629d849ec6c8f8ec733dffa9949c507468ec0b4",
        "version" : "0.99.4"
      }
    },
    {
      "identity" : "promisekit",
      "kind" : "remoteSourceControl",
      "location" : "https://github.com/mxcl/PromiseKit.git",
      "state" : {
        "revision" : "8a98e31a47854d3180882c8068cc4d9381bf382d",
        "version" : "6.22.1"
      }
    },
    {
      "identity" : "push-swift-sdk",
      "kind" : "remoteSourceControl",
      "location" : "https://github.com/ethereum-push-notification-service/push-swift-sdk",
      "state" : {
        "revision" : "45113991bb3eb6e7ab54556918a8aa523da85ce8"
      }
    },
    {
      "identity" : "qrcode",
      "kind" : "remoteSourceControl",
      "location" : "https://github.com/WalletConnect/QRCode",
      "state" : {
        "revision" : "263f280d2c8144adfb0b6676109846cfc8dd552b",
        "version" : "14.3.1"
      }
    },
    {
      "identity" : "secp256k1.swift",
      "kind" : "remoteSourceControl",
      "location" : "https://github.com/GigaBitcoin/secp256k1.swift.git",
      "state" : {
        "revision" : "48fb20fce4ca3aad89180448a127d5bc16f0e44c",
        "version" : "0.10.0"
      }
    },
    {
      "identity" : "socket.io-client-swift",
      "kind" : "remoteSourceControl",
      "location" : "https://github.com/socketio/socket.io-client-swift",
      "state" : {
        "revision" : "175da8b5156f6b132436f0676cc84c2f6a766b6e",
        "version" : "16.1.0"
      }
    },
    {
      "identity" : "starscream",
      "kind" : "remoteSourceControl",
      "location" : "https://github.com/daltoniam/Starscream",
      "state" : {
        "revision" : "ac6c0fc9da221873e01bd1a0d4818498a71eef33",
        "version" : "4.0.6"
      }
    },
    {
      "identity" : "stripe-ios",
      "kind" : "remoteSourceControl",
      "location" : "https://github.com/stripe/stripe-ios",
      "state" : {
        "revision" : "e242f59ce90914e93c8308e0c3ceba7368575b77",
        "version" : "22.8.4"
      }
    },
    {
      "identity" : "svgkit-light",
      "kind" : "remoteSourceControl",
      "location" : "https://github.com/unstoppabledomains/SVGKit-Light",
      "state" : {
        "branch" : "v3/removed_lumberjack",
        "revision" : "769f897e797adebfe429a5bdc777160c5e1762c9"
      }
    },
    {
      "identity" : "swift-atomics",
      "kind" : "remoteSourceControl",
      "location" : "https://github.com/apple/swift-atomics.git",
      "state" : {
        "revision" : "cd142fd2f64be2100422d658e7411e39489da985",
        "version" : "1.2.0"
      }
    },
    {
      "identity" : "swift-collections",
      "kind" : "remoteSourceControl",
      "location" : "https://github.com/apple/swift-collections.git",
      "state" : {
        "revision" : "d029d9d39c87bed85b1c50adee7c41795261a192",
        "version" : "1.0.6"
      }
    },
    {
      "identity" : "swift-eventsource",
      "kind" : "remoteSourceControl",
      "location" : "https://github.com/LaunchDarkly/swift-eventsource.git",
      "state" : {
        "revision" : "3d45eacab476f9bb2c58662cfb2d35088140b25b",
        "version" : "3.1.1"
      }
    },
    {
      "identity" : "swift-http-types",
      "kind" : "remoteSourceControl",
      "location" : "https://github.com/apple/swift-http-types",
      "state" : {
        "revision" : "1827dc94bdab2eb5f2fc804e9b0cb43574282566",
        "version" : "1.0.2"
      }
    },
    {
      "identity" : "swift-log",
      "kind" : "remoteSourceControl",
      "location" : "https://github.com/apple/swift-log.git",
      "state" : {
        "revision" : "532d8b529501fb73a2455b179e0bbb6d49b652ed",
        "version" : "1.5.3"
      }
    },
    {
      "identity" : "swift-nio",
      "kind" : "remoteSourceControl",
      "location" : "https://github.com/apple/swift-nio.git",
      "state" : {
        "revision" : "702cd7c56d5d44eeba73fdf83918339b26dc855c",
        "version" : "2.62.0"
      }
    },
    {
      "identity" : "swift-nio-extras",
      "kind" : "remoteSourceControl",
      "location" : "https://github.com/apple/swift-nio-extras.git",
      "state" : {
        "revision" : "798c962495593a23fdea0c0c63fd55571d8dff51",
        "version" : "1.20.0"
      }
    },
    {
      "identity" : "swift-nio-http2",
      "kind" : "remoteSourceControl",
      "location" : "https://github.com/apple/swift-nio-http2.git",
      "state" : {
        "revision" : "3bd9004b9d685ed6b629760fc84903e48efec806",
        "version" : "1.29.0"
      }
    },
    {
      "identity" : "swift-nio-ssl",
      "kind" : "remoteSourceControl",
      "location" : "https://github.com/apple/swift-nio-ssl.git",
      "state" : {
        "revision" : "320bd978cceb8e88c125dcbb774943a92f6286e9",
        "version" : "2.25.0"
      }
    },
    {
      "identity" : "swift-nio-transport-services",
      "kind" : "remoteSourceControl",
      "location" : "https://github.com/apple/swift-nio-transport-services.git",
      "state" : {
        "revision" : "ebf8b9c365a6ce043bf6e6326a04b15589bd285e",
        "version" : "1.20.0"
      }
    },
    {
      "identity" : "swift-protobuf",
      "kind" : "remoteSourceControl",
      "location" : "https://github.com/apple/swift-protobuf.git",
      "state" : {
        "revision" : "65e8f29b2d63c4e38e736b25c27b83e012159be8",
        "version" : "1.25.2"
      }
    },
    {
      "identity" : "swift-qrcode-generator",
      "kind" : "remoteSourceControl",
      "location" : "https://github.com/dagronf/swift-qrcode-generator",
      "state" : {
        "revision" : "5ca09b6a2ad190f94aa3d6ddef45b187f8c0343b",
        "version" : "1.0.3"
      }
    },
    {
      "identity" : "swiftimagereadwrite",
      "kind" : "remoteSourceControl",
      "location" : "https://github.com/dagronf/SwiftImageReadWrite",
      "state" : {
        "revision" : "5596407d1cf61b953b8e658fa8636a471df3c509",
        "version" : "1.1.6"
      }
    },
    {
      "identity" : "valet-ios",
      "kind" : "remoteSourceControl",
      "location" : "https://github.com/unstoppabledomains/Valet-ios.git",
      "state" : {
        "branch" : "master",
        "revision" : "d680470731ada7ae48d9ca29756c9df792530e7f"
      }
    },
    {
      "identity" : "walletconnectswiftv2",
      "kind" : "remoteSourceControl",
      "location" : "https://github.com/WalletConnect/WalletConnectSwiftV2",
      "state" : {
        "revision" : "232090b71756417c2ba44cda78ff57bc5ef54ca2",
        "version" : "1.11.0"
      }
    },
    {
      "identity" : "web3.swift",
      "kind" : "remoteSourceControl",
      "location" : "https://github.com/argentlabs/web3.swift",
      "state" : {
        "revision" : "1e75f98a5738c470b23bbfffa9314e9f788df76b",
        "version" : "1.6.1"
      }
    },
    {
      "identity" : "web3swift",
      "kind" : "remoteSourceControl",
      "location" : "https://github.com/unstoppabledomains/web3swift.git",
      "state" : {
        "branch" : "develop",
        "revision" : "e75faaf3e2889627aeca1090b07a30be5ff3388f"
      }
    },
    {
      "identity" : "websocket-kit",
      "kind" : "remoteSourceControl",
      "location" : "https://github.com/vapor/websocket-kit.git",
      "state" : {
        "revision" : "53fe0639a98903858d0196b699720decb42aee7b",
        "version" : "2.14.0"
      }
    },
    {
      "identity" : "xmtp-ios",
      "kind" : "remoteSourceControl",
      "location" : "https://github.com/xmtp/xmtp-ios",
      "state" : {
        "revision" : "af277a00fb254a1916da8db12caf480655d4894d"
      }
    },
    {
      "identity" : "xmtp-rust-swift",
      "kind" : "remoteSourceControl",
      "location" : "https://github.com/xmtp/xmtp-rust-swift",
      "state" : {
        "branch" : "main",
        "revision" : "e08af6942841054ae02a6fe01d90d18e76d5f248"
      }
    }
  ],
  "version" : 3
}
